
Microsoft Visual Studio Solution File, Format Version 11.00
# Visual Studio 2010
Project("{6989167D-11E4-40FE-8C1A-2192A86A7E90}") = "EXPLICIT-FVM-MESH448", "EXPLICIT-FVM-MESH448\EXPLICIT-FVM-MESH448.vfproj", "{4A6AD738-0336-47F0-B6CD-0C5B662BCCDF}"
EndProject
Global
	GlobalSection(SolutionConfigurationPlatforms) = preSolution
		Debug|Win32 = Debug|Win32
		Release|Win32 = Release|Win32
	EndGlobalSection
	GlobalSection(ProjectConfigurationPlatforms) = postSolution
		{4A6AD738-0336-47F0-B6CD-0C5B662BCCDF}.Debug|Win32.ActiveCfg = Debug|Win32
		{4A6AD738-0336-47F0-B6CD-0C5B662BCCDF}.Debug|Win32.Build.0 = Debug|Win32
		{4A6AD738-0336-47F0-B6CD-0C5B662BCCDF}.Release|Win32.ActiveCfg = Release|Win32
		{4A6AD738-0336-47F0-B6CD-0C5B662BCCDF}.Release|Win32.Build.0 = Release|Win32
	EndGlobalSection
	GlobalSection(SolutionProperties) = preSolution
		HideSolutionNode = FALSE
	EndGlobalSection
EndGlobal
